
Microsoft Visual Studio Solution File, Format Version 12.00
# Visual Studio Version 17
VisualStudioVersion = 17.0.31903.59
MinimumVisualStudioVersion = 10.0.40219.1
Project("{FAE04EC0-301F-11D3-BF4B-00C04F79EFBC}") = "CertificateGeneratorCore", "CertificateGeneratorCore\CertificateGeneratorCore.csproj", "{AF731BD7-32CF-4C63-A20A-710F945DDF77}"
EndProject
Project("{FAE04EC0-301F-11D3-BF4B-00C04F79EFBC}") = "CertificateGeneratorCoreTests", "CertificateGeneratorCoreTests\CertificateGeneratorCoreTests.csproj", "{E25FC62E-7A28-4EF0-8634-E0F01A079B5B}"
EndProject
Project("{FAE04EC0-301F-11D3-BF4B-00C04F79EFBC}") = "CertificateGeneratorConsole", "CertificateGeneratorConsole\CertificateGeneratorConsole.csproj", "{361E664D-5E9A-4D77-A021-25FF4AD08875}"
EndProject
Project("{FAE04EC0-301F-11D3-BF4B-00C04F79EFBC}") = "GenerateCertificate", "GenerateCertificate\GenerateCertificate.csproj", "{C9BCCEF9-49DD-4635-8FDE-1AAD4249EEAE}"
EndProject
Project("{FAE04EC0-301F-11D3-BF4B-00C04F79EFBC}") = "GenerateCertificateUI", "GenerateCertificateUI\GenerateCertificateUI.csproj", "{45ED9627-525F-4AD0-A8BE-BB82D8384BE8}"
EndProject
Global
	GlobalSection(SolutionConfigurationPlatforms) = preSolution
		Debug|Any CPU = Debug|Any CPU
		Release|Any CPU = Release|Any CPU
	EndGlobalSection
	GlobalSection(SolutionProperties) = preSolution
		HideSolutionNode = FALSE
	EndGlobalSection
	GlobalSection(ProjectConfigurationPlatforms) = postSolution
		{AF731BD7-32CF-4C63-A20A-710F945DDF77}.Debug|Any CPU.ActiveCfg = Debug|Any CPU
		{AF731BD7-32CF-4C63-A20A-710F945DDF77}.Debug|Any CPU.Build.0 = Debug|Any CPU
		{AF731BD7-32CF-4C63-A20A-710F945DDF77}.Release|Any CPU.ActiveCfg = Release|Any CPU
		{AF731BD7-32CF-4C63-A20A-710F945DDF77}.Release|Any CPU.Build.0 = Release|Any CPU
		{E25FC62E-7A28-4EF0-8634-E0F01A079B5B}.Debug|Any CPU.ActiveCfg = Debug|Any CPU
		{E25FC62E-7A28-4EF0-8634-E0F01A079B5B}.Debug|Any CPU.Build.0 = Debug|Any CPU
		{E25FC62E-7A28-4EF0-8634-E0F01A079B5B}.Release|Any CPU.ActiveCfg = Release|Any CPU
		{E25FC62E-7A28-4EF0-8634-E0F01A079B5B}.Release|Any CPU.Build.0 = Release|Any CPU
		{361E664D-5E9A-4D77-A021-25FF4AD08875}.Debug|Any CPU.ActiveCfg = Debug|Any CPU
		{361E664D-5E9A-4D77-A021-25FF4AD08875}.Debug|Any CPU.Build.0 = Debug|Any CPU
		{361E664D-5E9A-4D77-A021-25FF4AD08875}.Release|Any CPU.ActiveCfg = Release|Any CPU
		{361E664D-5E9A-4D77-A021-25FF4AD08875}.Release|Any CPU.Build.0 = Release|Any CPU
		{C9BCCEF9-49DD-4635-8FDE-1AAD4249EEAE}.Debug|Any CPU.ActiveCfg = Debug|Any CPU
		{C9BCCEF9-49DD-4635-8FDE-1AAD4249EEAE}.Debug|Any CPU.Build.0 = Debug|Any CPU
		{C9BCCEF9-49DD-4635-8FDE-1AAD4249EEAE}.Release|Any CPU.ActiveCfg = Release|Any CPU
		{C9BCCEF9-49DD-4635-8FDE-1AAD4249EEAE}.Release|Any CPU.Build.0 = Release|Any CPU
		{45ED9627-525F-4AD0-A8BE-BB82D8384BE8}.Debug|Any CPU.ActiveCfg = Debug|Any CPU
		{45ED9627-525F-4AD0-A8BE-BB82D8384BE8}.Debug|Any CPU.Build.0 = Debug|Any CPU
		{45ED9627-525F-4AD0-A8BE-BB82D8384BE8}.Release|Any CPU.ActiveCfg = Release|Any CPU
		{45ED9627-525F-4AD0-A8BE-BB82D8384BE8}.Release|Any CPU.Build.0 = Release|Any CPU
	EndGlobalSection
EndGlobal
